{
  "name": "browser",
  "lockfileVersion": 3,
  "requires": true,
  "packages": {
    "": {
      "dependencies": {
        "@bokuweb/zstd-wasm": "^0.0.27",
        "zstd-codec": "^0.1.5"
      }
    },
    "node_modules/@bokuweb/zstd-wasm": {
      "version": "0.0.27",
      "resolved": "https://registry.npmjs.org/@bokuweb/zstd-wasm/-/zstd-wasm-0.0.27.tgz",
      "integrity": "sha512-GDm2uOTK3ESjnYmSeLQifJnBsRCWajKLvN32D2ZcQaaCIJI/Hse9s74f7APXjHit95S10UImsRGkTsbwHmrtmg==",
      "license": "MIT"
    },
    "node_modules/zstd-codec": {
      "version": "0.1.5",
      "resolved": "https://registry.npmjs.org/zstd-codec/-/zstd-codec-0.1.5.tgz",
      "integrity": "sha512-v3fyjpK8S/dpY/X5WxqTK3IoCnp/ZOLxn144GZVlNUjtwAchzrVo03h+oMATFhCIiJ5KTr4V3vDQQYz4RU684g==",
      "license": "MIT"
    }
  }
}
